
Microsoft Visual Studio Solution File, Format Version 12.00
# Visual Studio 15
VisualStudioVersion = 15.0.28307.1259
MinimumVisualStudioVersion = 10.0.40219.1
Project("{FAE04EC0-301F-11D3-BF4B-00C04F79EFBC}") = "Burç Tarihleri", "Burç Tarihleri\Burç Tarihleri.csproj", "{570DD82B-B475-42E1-844C-91646EFDE583}"
EndProject
Global
	GlobalSection(SolutionConfigurationPlatforms) = preSolution
		Debug|Any CPU = Debug|Any CPU
		Release|Any CPU = Release|Any CPU
	EndGlobalSection
	GlobalSection(ProjectConfigurationPlatforms) = postSolution
		{570DD82B-B475-42E1-844C-91646EFDE583}.Debug|Any CPU.ActiveCfg = Debug|Any CPU
		{570DD82B-B475-42E1-844C-91646EFDE583}.Debug|Any CPU.Build.0 = Debug|Any CPU
		{570DD82B-B475-42E1-844C-91646EFDE583}.Release|Any CPU.ActiveCfg = Release|Any CPU
		{570DD82B-B475-42E1-844C-91646EFDE583}.Release|Any CPU.Build.0 = Release|Any CPU
	EndGlobalSection
	GlobalSection(SolutionProperties) = preSolution
		HideSolutionNode = FALSE
	EndGlobalSection
	GlobalSection(ExtensibilityGlobals) = postSolution
		SolutionGuid = {5CEBA9E7-B095-4C6C-B519-DDCFDBF4F207}
	EndGlobalSection
EndGlobal
